<?xml version="1.0" encoding="utf-8"?>
<Project ToolsVersion="4.0" xmlns="http://schemas.microsoft.com/developer/msbuild/2003">
  <ItemGroup>
    <Filter Include="소스 파일">
      <UniqueIdentifier>{4FC737F1-C7A5-4376-A066-2A32D752A2FF}</UniqueIdentifier>
      <Extensions>cpp;c;cc;cxx;c++;cppm;ixx;def;odl;idl;hpj;bat;asm;asmx</Extensions>
    </Filter>
    <Filter Include="헤더 파일">
      <UniqueIdentifier>{93995380-89BD-4b04-88EB-625FBE52EBFB}</UniqueIdentifier>
      <Extensions>h;hh;hpp;hxx;h++;hm;inl;inc;ipp;xsd</Extensions>
    </Filter>
    <Filter Include="리소스 파일">
      <UniqueIdentifier>{67DA6AB6-F800-4c08-8B7A-83BB121AAD01}</UniqueIdentifier>
      <Extensions>rc;ico;cur;bmp;dlg;rc2;rct;bin;rgs;gif;jpg;jpeg;jpe;resx;tiff;tif;png;wav;mfcribbon-ms</Extensions>
    </Filter>
    <Filter Include="MainGame">
      <UniqueIdentifier>{77994adb-bb80-42e8-886b-851bb890958e}</UniqueIdentifier>
    </Filter>
    <Filter Include="2D Framework">
      <UniqueIdentifier>{fae288c9-1a89-4141-bbae-e4f3680953fb}</UniqueIdentifier>
    </Filter>
    <Filter Include="MainGame\Missile">
      <UniqueIdentifier>{5a86d586-c7fc-46be-93af-bd645e44e8f4}</UniqueIdentifier>
    </Filter>
    <Filter Include="2D Framework\Manager">
      <UniqueIdentifier>{b13c0c7c-4aa6-4918-a643-613eaee0edc6}</UniqueIdentifier>
    </Filter>
    <Filter Include="2D Framework\Timer">
      <UniqueIdentifier>{1e84e8d0-34db-4438-9c9b-8c3603ab2fec}</UniqueIdentifier>
    </Filter>
    <Filter Include="MainGame\Scene">
      <UniqueIdentifier>{cb2e4421-417d-4368-8984-7b1d46bcc581}</UniqueIdentifier>
    </Filter>
    <Filter Include="MainGame\Tank">
      <UniqueIdentifier>{c311b03a-84cc-4267-9232-d1b81125ecae}</UniqueIdentifier>
    </Filter>
    <Filter Include="MainGame\Tank\Factory">
      <UniqueIdentifier>{daf29bbd-34ca-4056-8f25-5a1cb412649d}</UniqueIdentifier>
    </Filter>
    <Filter Include="2D Framework\UI">
      <UniqueIdentifier>{f818185c-33f0-464b-a913-5c6adb1d503e}</UniqueIdentifier>
    </Filter>
  </ItemGroup>
  <ItemGroup>
    <ClCompile Include="main.cpp">
      <Filter>소스 파일</Filter>
    </ClCompile>
    <ClCompile Include="MainGame.cpp">
      <Filter>MainGame</Filter>
    </ClCompile>
    <ClCompile Include="GameNode.cpp">
      <Filter>2D Framework</Filter>
    </ClCompile>
    <ClCompile Include="Image.cpp">
      <Filter>2D Framework</Filter>
    </ClCompile>
    <ClCompile Include="Missile.cpp">
      <Filter>MainGame\Missile</Filter>
    </ClCompile>
    <ClCompile Include="MissileManager.cpp">
      <Filter>MainGame\Missile</Filter>
    </ClCompile>
    <ClCompile Include="KeyManager.cpp">
      <Filter>2D Framework\Manager</Filter>
    </ClCompile>
    <ClCompile Include="ImageManager.cpp">
      <Filter>2D Framework\Manager</Filter>
    </ClCompile>
    <ClCompile Include="Timer.cpp">
      <Filter>2D Framework\Timer</Filter>
    </ClCompile>
    <ClCompile Include="TimerManager.cpp">
      <Filter>2D Framework\Manager</Filter>
    </ClCompile>
    <ClCompile Include="SceneManager.cpp">
      <Filter>2D Framework\Manager</Filter>
    </ClCompile>
    <ClCompile Include="TileMapTool.cpp">
      <Filter>MainGame\Scene</Filter>
    </ClCompile>
    <ClCompile Include="BattleScene.cpp">
      <Filter>MainGame\Scene</Filter>
    </ClCompile>
    <ClCompile Include="Tank.cpp">
      <Filter>MainGame\Tank</Filter>
    </ClCompile>
    <ClCompile Include="TankManager.cpp">
      <Filter>MainGame\Tank</Filter>
    </ClCompile>
    <ClCompile Include="YellowTank.cpp">
      <Filter>MainGame\Tank</Filter>
    </ClCompile>
    <ClCompile Include="WhiteTank.cpp">
      <Filter>MainGame\Tank</Filter>
    </ClCompile>
    <ClCompile Include="GreenTank.cpp">
      <Filter>MainGame\Tank</Filter>
    </ClCompile>
    <ClCompile Include="PurpleTank.cpp">
      <Filter>MainGame\Tank</Filter>
    </ClCompile>
    <ClCompile Include="TankFactory.cpp">
      <Filter>소스 파일</Filter>
    </ClCompile>
    <ClCompile Include="Button.cpp">
      <Filter>2D Framework\UI</Filter>
    </ClCompile>
    <ClCompile Include="CollisionManager.cpp">
      <Filter>2D Framework\Manager</Filter>
    </ClCompile>
  </ItemGroup>
  <ItemGroup>
    <ClInclude Include="CommonFunction.h">
      <Filter>헤더 파일</Filter>
    </ClInclude>
    <ClInclude Include="config.h">
      <Filter>헤더 파일</Filter>
    </ClInclude>
    <ClInclude Include="MainGame.h">
      <Filter>MainGame</Filter>
    </ClInclude>
    <ClInclude Include="GameNode.h">
      <Filter>2D Framework</Filter>
    </ClInclude>
    <ClInclude Include="Singleton.h">
      <Filter>2D Framework</Filter>
    </ClInclude>
    <ClInclude Include="Image.h">
      <Filter>2D Framework</Filter>
    </ClInclude>
    <ClInclude Include="Missile.h">
      <Filter>MainGame\Missile</Filter>
    </ClInclude>
    <ClInclude Include="MissileManager.h">
      <Filter>MainGame\Missile</Filter>
    </ClInclude>
    <ClInclude Include="KeyManager.h">
      <Filter>2D Framework\Manager</Filter>
    </ClInclude>
    <ClInclude Include="ImageManager.h">
      <Filter>2D Framework\Manager</Filter>
    </ClInclude>
    <ClInclude Include="Timer.h">
      <Filter>2D Framework\Timer</Filter>
    </ClInclude>
    <ClInclude Include="TimerManager.h">
      <Filter>2D Framework\Manager</Filter>
    </ClInclude>
    <ClInclude Include="SceneManager.h">
      <Filter>2D Framework\Manager</Filter>
    </ClInclude>
    <ClInclude Include="TileMapTool.h">
      <Filter>MainGame\Scene</Filter>
    </ClInclude>
    <ClInclude Include="BattleScene.h">
      <Filter>MainGame\Scene</Filter>
    </ClInclude>
    <ClInclude Include="Tank.h">
      <Filter>MainGame\Tank</Filter>
    </ClInclude>
    <ClInclude Include="TankManager.h">
      <Filter>MainGame\Tank</Filter>
    </ClInclude>
    <ClInclude Include="YellowTank.h">
      <Filter>MainGame\Tank</Filter>
    </ClInclude>
    <ClInclude Include="WhiteTank.h">
      <Filter>MainGame\Tank</Filter>
    </ClInclude>
    <ClInclude Include="GreenTank.h">
      <Filter>MainGame\Tank</Filter>
    </ClInclude>
    <ClInclude Include="PurpleTank.h">
      <Filter>MainGame\Tank</Filter>
    </ClInclude>
    <ClInclude Include="TankFactory.h">
      <Filter>헤더 파일</Filter>
    </ClInclude>
    <ClInclude Include="Button.h">
      <Filter>2D Framework\UI</Filter>
    </ClInclude>
    <ClInclude Include="CollisionManager.h">
      <Filter>2D Framework\Manager</Filter>
    </ClInclude>
  </ItemGroup>
</Project>